PODS:
  - camera (0.0.1):
    - Flutter
  - Flutter (1.0.0)
  - OpenCV (4.3.0)
  - path_provider (0.0.1):
    - Flutter
  - puzzle_plugin (0.0.1):
    - Flutter
    - puzzlelib
  - puzzlelib (0.0.1):
    - OpenCV (~> 4.3)
    - puzzlelib/aruco (= 0.0.1)
  - puzzlelib/aruco (0.0.1):
    - OpenCV (~> 4.3)

DEPENDENCIES:
  - camera (from `.symlinks/plugins/camera/ios`)
  - Flutter (from `Flutter`)
  - path_provider (from `.symlinks/plugins/path_provider/ios`)
  - puzzle_plugin (from `.symlinks/plugins/puzzle_plugin/ios`)
  - puzzlelib (from `../../puzzlelib`)

SPEC REPOS:
  trunk:
    - OpenCV

EXTERNAL SOURCES:
  camera:
    :path: ".symlinks/plugins/camera/ios"
  Flutter:
    :path: Flutter
  path_provider:
    :path: ".symlinks/plugins/path_provider/ios"
  puzzle_plugin:
    :path: ".symlinks/plugins/puzzle_plugin/ios"
  puzzlelib:
    :path: "../../puzzlelib"

SPEC CHECKSUMS:
  camera: 3164201dc344383e62282964016528c4f5a9ad50
  Flutter: 434fef37c0980e73bb6479ef766c45957d4b510c
  OpenCV: 681e0451c1e54c5930a8922277f817ed5d5ab459
  path_provider: abfe2b5c733d04e238b0d8691db0cfd63a27a93c
  puzzle_plugin: fd191f2de28a97eb4c42ee3bf79b6734df2639c8
  puzzlelib: fdb3ab506c4241f4978cdeeda464c8592bb4f1d8

PODFILE CHECKSUM: 74f1446a5ac4b093ff5ed364ea696e4a7553af72

COCOAPODS: 1.10.2
