PODS:
  - camera (0.0.1):
    - Flutter
  - Flutter (1.0.0)
  - flutter_vibrate (0.0.1):
    - Flutter
  - FMDB (2.7.5):
    - FMDB/standard (= 2.7.5)
  - FMDB/standard (2.7.5)
  - OpenCV (4.3.0)
  - path_provider (0.0.1):
    - Flutter
  - puzzle_plugin (0.0.1):
    - Flutter
    - puzzlelib
  - puzzlelib (0.0.1):
    - OpenCV (~> 4.3)
    - puzzlelib/aruco (= 0.0.1)
  - puzzlelib/aruco (0.0.1):
    - OpenCV (~> 4.3)
  - sqflite (0.0.2):
    - Flutter
    - FMDB (>= 2.7.5)

DEPENDENCIES:
  - camera (from `.symlinks/plugins/camera/ios`)
  - Flutter (from `Flutter`)
  - flutter_vibrate (from `.symlinks/plugins/flutter_vibrate/ios`)
  - path_provider (from `.symlinks/plugins/path_provider/ios`)
  - puzzle_plugin (from `.symlinks/plugins/puzzle_plugin/ios`)
  - puzzlelib (from `../../puzzlelib`)
  - sqflite (from `.symlinks/plugins/sqflite/ios`)

SPEC REPOS:
  trunk:
    - FMDB
    - OpenCV

EXTERNAL SOURCES:
  camera:
    :path: ".symlinks/plugins/camera/ios"
  Flutter:
    :path: Flutter
  flutter_vibrate:
    :path: ".symlinks/plugins/flutter_vibrate/ios"
  path_provider:
    :path: ".symlinks/plugins/path_provider/ios"
  puzzle_plugin:
    :path: ".symlinks/plugins/puzzle_plugin/ios"
  puzzlelib:
    :path: "../../puzzlelib"
  sqflite:
    :path: ".symlinks/plugins/sqflite/ios"

SPEC CHECKSUMS:
  camera: 3164201dc344383e62282964016528c4f5a9ad50
  Flutter: 434fef37c0980e73bb6479ef766c45957d4b510c
  flutter_vibrate: 9f4c2ab57008965f78969472367c329dd77eb801
  FMDB: 2ce00b547f966261cd18927a3ddb07cb6f3db82a
  OpenCV: 681e0451c1e54c5930a8922277f817ed5d5ab459
  path_provider: abfe2b5c733d04e238b0d8691db0cfd63a27a93c
  puzzle_plugin: fd191f2de28a97eb4c42ee3bf79b6734df2639c8
  puzzlelib: fdb3ab506c4241f4978cdeeda464c8592bb4f1d8
  sqflite: 6d358c025f5b867b29ed92fc697fd34924e11904

PODFILE CHECKSUM: 74f1446a5ac4b093ff5ed364ea696e4a7553af72

COCOAPODS: 1.10.2
