PODS:
  - Flutter (1.0.0)
  - OpenCV (4.3.0)
  - puzzle_plugin (0.0.1):
    - Flutter
    - puzzlelib
  - puzzlelib (0.0.1):
    - OpenCV (~> 4.3)
    - puzzlelib/aruco (= 0.0.1)
  - puzzlelib/aruco (0.0.1):
    - OpenCV (~> 4.3)

DEPENDENCIES:
  - Flutter (from `Flutter`)
  - puzzle_plugin (from `.symlinks/plugins/puzzle_plugin/ios`)
  - puzzlelib (from `../../../puzzlelib`)

SPEC REPOS:
  trunk:
    - OpenCV

EXTERNAL SOURCES:
  Flutter:
    :path: Flutter
  puzzle_plugin:
    :path: ".symlinks/plugins/puzzle_plugin/ios"
  puzzlelib:
    :path: "../../../puzzlelib"

SPEC CHECKSUMS:
  Flutter: 434fef37c0980e73bb6479ef766c45957d4b510c
  OpenCV: 681e0451c1e54c5930a8922277f817ed5d5ab459
  puzzle_plugin: 95082b7c562aa646ca4234a9dd303f6b0b340597
  puzzlelib: 5d08b7a770e393075db0183c1251060f2de4205a

PODFILE CHECKSUM: a137e826fb5d51cfacc4a52ca28ece1790c12c42

COCOAPODS: 1.10.2
