PODS:
  - Flutter (1.0.0)
  - OpenCV (4.3.0)
  - puzzlelib (0.0.1):
    - OpenCV (~> 4.3)
    - puzzlelib/aruco (= 0.0.1)
  - puzzlelib/aruco (0.0.1):
    - OpenCV (~> 4.3)
  - puzzlemath_plugin (0.0.1):
    - Flutter
    - puzzlelib

DEPENDENCIES:
  - Flutter (from `Flutter`)
  - puzzlelib (from `../../../puzzlelib`)
  - puzzlemath_plugin (from `.symlinks/plugins/puzzlemath_plugin/ios`)

SPEC REPOS:
  trunk:
    - OpenCV

EXTERNAL SOURCES:
  Flutter:
    :path: Flutter
  puzzlelib:
    :path: "../../../puzzlelib"
  puzzlemath_plugin:
    :path: ".symlinks/plugins/puzzlemath_plugin/ios"

SPEC CHECKSUMS:
  Flutter: 434fef37c0980e73bb6479ef766c45957d4b510c
  OpenCV: 681e0451c1e54c5930a8922277f817ed5d5ab459
  puzzlelib: 5cad29c2e5ea5043df21c54aec6909572e75d9f7
  puzzlemath_plugin: 505347cb22618d57758e3ef3e2d1d41d8f17e3e5

PODFILE CHECKSUM: 86a6d9078a7cf8d9e490fc5acbca34257f581f47

COCOAPODS: 1.10.2
